version = 1
revision = 3
requires-python = ">=3.12"

[[package]]
name = "libtmux"
version = "0.55.0"
source = { registry = "https://pypi.org/simple" }
sdist = { url = "https://files.pythonhosted.org/packages/f7/85/99932ac9ddb90821778f8cabe32b81bbbec280dd1a14a457c512693fb11b/libtmux-0.55.0.tar.gz", hash = "sha256:cdc4aa564b2325618d73d57cb0d7d92475d02026dba2b96a94f87ad328e7e79d", size = 420859, upload-time = "2026-03-08T00:57:55.788Z" }
wheels = [
    { url = "https://files.pythonhosted.org/packages/8b/34/b11ab24abb78c73a1b82f6471c2d71bdd1bf2c8f30768ed2f26f1dddc083/libtmux-0.55.0-py3-none-any.whl", hash = "sha256:4b746533856e022c759e5c5cae97f4932e85dae316a2afd4391d6d0e891d6ab8", size = 80094, upload-time = "2026-03-08T00:57:54.141Z" },
]

[[package]]
name = "tmux-skill"
version = "0.1.0"
source = { virtual = "." }
dependencies = [
    { name = "libtmux" },
]

[package.metadata]
requires-dist = [{ name = "libtmux", specifier = ">=0.55.0" }]
